
Microsoft Visual Studio Solution File, Format Version 12.00
# Visual Studio Version 16
VisualStudioVersion = 16.0.32002.261
MinimumVisualStudioVersion = 10.0.40219.1
Project("{FAE04EC0-301F-11D3-BF4B-00C04F79EFBC}") = "InterfaceAndAbstract", "InterfaceAndAbstract\InterfaceAndAbstract.csproj", "{B8DCC757-0BAB-446B-81D6-9C07AC82E617}"
EndProject
Global
	GlobalSection(SolutionConfigurationPlatforms) = preSolution
		Debug|Any CPU = Debug|Any CPU
		Release|Any CPU = Release|Any CPU
	EndGlobalSection
	GlobalSection(ProjectConfigurationPlatforms) = postSolution
		{B8DCC757-0BAB-446B-81D6-9C07AC82E617}.Debug|Any CPU.ActiveCfg = Debug|Any CPU
		{B8DCC757-0BAB-446B-81D6-9C07AC82E617}.Debug|Any CPU.Build.0 = Debug|Any CPU
		{B8DCC757-0BAB-446B-81D6-9C07AC82E617}.Release|Any CPU.ActiveCfg = Release|Any CPU
		{B8DCC757-0BAB-446B-81D6-9C07AC82E617}.Release|Any CPU.Build.0 = Release|Any CPU
	EndGlobalSection
	GlobalSection(SolutionProperties) = preSolution
		HideSolutionNode = FALSE
	EndGlobalSection
	GlobalSection(ExtensibilityGlobals) = postSolution
		SolutionGuid = {07E114F2-34E3-4CCD-A2D8-E01960C83329}
	EndGlobalSection
EndGlobal
